
Microsoft Visual Studio Solution File, Format Version 12.00
# Visual Studio 15
VisualStudioVersion = 15.0.28010.2046
MinimumVisualStudioVersion = 10.0.40219.1
Project("{FAE04EC0-301F-11D3-BF4B-00C04F79EFBC}") = "AspNetWebAPI", "AspNetWebAPI\AspNetWebAPI.csproj", "{D6A8DF64-2234-442B-BEA6-005C6D51F3E8}"
EndProject
Project("{FAE04EC0-301F-11D3-BF4B-00C04F79EFBC}") = "BookService", "BookService\BookService.csproj", "{851BAFFF-2892-44AA-9F55-77822269CCD0}"
EndProject
Project("{FAE04EC0-301F-11D3-BF4B-00C04F79EFBC}") = "BooksAPI", "BooksAPI\BooksAPI.csproj", "{ABD6FFBC-8F98-4A98-BEC2-882DA71D9FA0}"
EndProject
Project("{FAE04EC0-301F-11D3-BF4B-00C04F79EFBC}") = "Books.Test", "Books.Test\Books.Test.csproj", "{CBDC084C-3FAB-4EED-A2EB-24D5570E5367}"
EndProject
Project("{FAE04EC0-301F-11D3-BF4B-00C04F79EFBC}") = "WEB-API-CRUD-Logics", "WEB-API-CRUD-Logics\WEB-API-CRUD-Logics.csproj", "{256D8E34-216D-4BE2-B854-053FC4517531}"
EndProject
Global
	GlobalSection(SolutionConfigurationPlatforms) = preSolution
		Debug|Any CPU = Debug|Any CPU
		Release|Any CPU = Release|Any CPU
	EndGlobalSection
	GlobalSection(ProjectConfigurationPlatforms) = postSolution
		{D6A8DF64-2234-442B-BEA6-005C6D51F3E8}.Debug|Any CPU.ActiveCfg = Debug|Any CPU
		{D6A8DF64-2234-442B-BEA6-005C6D51F3E8}.Debug|Any CPU.Build.0 = Debug|Any CPU
		{D6A8DF64-2234-442B-BEA6-005C6D51F3E8}.Release|Any CPU.ActiveCfg = Release|Any CPU
		{D6A8DF64-2234-442B-BEA6-005C6D51F3E8}.Release|Any CPU.Build.0 = Release|Any CPU
		{851BAFFF-2892-44AA-9F55-77822269CCD0}.Debug|Any CPU.ActiveCfg = Debug|Any CPU
		{851BAFFF-2892-44AA-9F55-77822269CCD0}.Debug|Any CPU.Build.0 = Debug|Any CPU
		{851BAFFF-2892-44AA-9F55-77822269CCD0}.Release|Any CPU.ActiveCfg = Release|Any CPU
		{851BAFFF-2892-44AA-9F55-77822269CCD0}.Release|Any CPU.Build.0 = Release|Any CPU
		{ABD6FFBC-8F98-4A98-BEC2-882DA71D9FA0}.Debug|Any CPU.ActiveCfg = Debug|Any CPU
		{ABD6FFBC-8F98-4A98-BEC2-882DA71D9FA0}.Debug|Any CPU.Build.0 = Debug|Any CPU
		{ABD6FFBC-8F98-4A98-BEC2-882DA71D9FA0}.Release|Any CPU.ActiveCfg = Release|Any CPU
		{ABD6FFBC-8F98-4A98-BEC2-882DA71D9FA0}.Release|Any CPU.Build.0 = Release|Any CPU
		{CBDC084C-3FAB-4EED-A2EB-24D5570E5367}.Debug|Any CPU.ActiveCfg = Debug|Any CPU
		{CBDC084C-3FAB-4EED-A2EB-24D5570E5367}.Debug|Any CPU.Build.0 = Debug|Any CPU
		{CBDC084C-3FAB-4EED-A2EB-24D5570E5367}.Release|Any CPU.ActiveCfg = Release|Any CPU
		{CBDC084C-3FAB-4EED-A2EB-24D5570E5367}.Release|Any CPU.Build.0 = Release|Any CPU
		{256D8E34-216D-4BE2-B854-053FC4517531}.Debug|Any CPU.ActiveCfg = Debug|Any CPU
		{256D8E34-216D-4BE2-B854-053FC4517531}.Debug|Any CPU.Build.0 = Debug|Any CPU
		{256D8E34-216D-4BE2-B854-053FC4517531}.Release|Any CPU.ActiveCfg = Release|Any CPU
		{256D8E34-216D-4BE2-B854-053FC4517531}.Release|Any CPU.Build.0 = Release|Any CPU
	EndGlobalSection
	GlobalSection(SolutionProperties) = preSolution
		HideSolutionNode = FALSE
	EndGlobalSection
	GlobalSection(ExtensibilityGlobals) = postSolution
		SolutionGuid = {9C9B6F91-C951-4CA1-9033-88ECA9CEAD85}
	EndGlobalSection
EndGlobal
